
Microsoft Visual Studio Solution File, Format Version 12.00
# Visual Studio Version 16
VisualStudioVersion = 16.0.31129.286
MinimumVisualStudioVersion = 10.0.40219.1
Project("{9A19103F-16F7-4668-BE54-9A1E7A4F7556}") = "AX.QuartzServer.WorkerService", "AX.QuartzServer.WorkerService\AX.QuartzServer.WorkerService.csproj", "{31A2113C-8913-4B42-B98E-FA1D397FBB86}"
EndProject
Project("{9A19103F-16F7-4668-BE54-9A1E7A4F7556}") = "AX.QuartzServer.Core", "AX.QuartzServer.Core\AX.QuartzServer.Core.csproj", "{3BA8EBB3-692E-4BCF-B89E-75A789CAEE86}"
EndProject
Global
	GlobalSection(SolutionConfigurationPlatforms) = preSolution
		Debug|Any CPU = Debug|Any CPU
		Release|Any CPU = Release|Any CPU
	EndGlobalSection
	GlobalSection(ProjectConfigurationPlatforms) = postSolution
		{31A2113C-8913-4B42-B98E-FA1D397FBB86}.Debug|Any CPU.ActiveCfg = Debug|Any CPU
		{31A2113C-8913-4B42-B98E-FA1D397FBB86}.Debug|Any CPU.Build.0 = Debug|Any CPU
		{31A2113C-8913-4B42-B98E-FA1D397FBB86}.Release|Any CPU.ActiveCfg = Release|Any CPU
		{31A2113C-8913-4B42-B98E-FA1D397FBB86}.Release|Any CPU.Build.0 = Release|Any CPU
		{3BA8EBB3-692E-4BCF-B89E-75A789CAEE86}.Debug|Any CPU.ActiveCfg = Debug|Any CPU
		{3BA8EBB3-692E-4BCF-B89E-75A789CAEE86}.Debug|Any CPU.Build.0 = Debug|Any CPU
		{3BA8EBB3-692E-4BCF-B89E-75A789CAEE86}.Release|Any CPU.ActiveCfg = Release|Any CPU
		{3BA8EBB3-692E-4BCF-B89E-75A789CAEE86}.Release|Any CPU.Build.0 = Release|Any CPU
	EndGlobalSection
	GlobalSection(SolutionProperties) = preSolution
		HideSolutionNode = FALSE
	EndGlobalSection
	GlobalSection(ExtensibilityGlobals) = postSolution
		SolutionGuid = {2E38690F-5032-4ED5-B48B-4A358954019A}
	EndGlobalSection
EndGlobal
